
Microsoft Visual Studio Solution File, Format Version 12.00
# Visual Studio Version 16
VisualStudioVersion = 16.0.28922.388
MinimumVisualStudioVersion = 10.0.40219.1
Project("{FAE04EC0-301F-11D3-BF4B-00C04F79EFBC}") = "VirtoCommerce.Module.Installer", "VirtoCommerce.Module.Installer\VirtoCommerce.Module.Installer.csproj", "{01D54559-D552-441F-9B55-0B10F4C0E97C}"
EndProject
Project("{FAE04EC0-301F-11D3-BF4B-00C04F79EFBC}") = "VirtoCommerce.Module.Template", "VirtoCommerce.Module.Template\VirtoCommerce.Module.Template.csproj", "{6B0E71BB-87AA-460A-83C3-FA5CE0993394}"
EndProject
Project("{FAE04EC0-301F-11D3-BF4B-00C04F79EFBC}") = "VirtoCommerce.Module.Wizard", "VirtoCommerce.Module.Wizard\VirtoCommerce.Module.Wizard.csproj", "{8BE50B40-ACF5-4CD8-BEE3-F0C7A46DE4E8}"
EndProject
Project("{2150E333-8FDC-42A3-9474-1A3956D46DE8}") = "Templates", "Templates", "{A768531A-8B4F-4AB2-8E3D-70D8BC63ADFD}"
EndProject
Global
	GlobalSection(SolutionConfigurationPlatforms) = preSolution
		Debug|Any CPU = Debug|Any CPU
		Release|Any CPU = Release|Any CPU
	EndGlobalSection
	GlobalSection(ProjectConfigurationPlatforms) = postSolution
		{01D54559-D552-441F-9B55-0B10F4C0E97C}.Debug|Any CPU.ActiveCfg = Debug|Any CPU
		{01D54559-D552-441F-9B55-0B10F4C0E97C}.Debug|Any CPU.Build.0 = Debug|Any CPU
		{01D54559-D552-441F-9B55-0B10F4C0E97C}.Release|Any CPU.ActiveCfg = Release|Any CPU
		{01D54559-D552-441F-9B55-0B10F4C0E97C}.Release|Any CPU.Build.0 = Release|Any CPU
		{6B0E71BB-87AA-460A-83C3-FA5CE0993394}.Debug|Any CPU.ActiveCfg = Debug|Any CPU
		{6B0E71BB-87AA-460A-83C3-FA5CE0993394}.Debug|Any CPU.Build.0 = Debug|Any CPU
		{6B0E71BB-87AA-460A-83C3-FA5CE0993394}.Release|Any CPU.ActiveCfg = Release|Any CPU
		{6B0E71BB-87AA-460A-83C3-FA5CE0993394}.Release|Any CPU.Build.0 = Release|Any CPU
		{8BE50B40-ACF5-4CD8-BEE3-F0C7A46DE4E8}.Debug|Any CPU.ActiveCfg = Debug|Any CPU
		{8BE50B40-ACF5-4CD8-BEE3-F0C7A46DE4E8}.Debug|Any CPU.Build.0 = Debug|Any CPU
		{8BE50B40-ACF5-4CD8-BEE3-F0C7A46DE4E8}.Release|Any CPU.ActiveCfg = Release|Any CPU
		{8BE50B40-ACF5-4CD8-BEE3-F0C7A46DE4E8}.Release|Any CPU.Build.0 = Release|Any CPU
	EndGlobalSection
	GlobalSection(SolutionProperties) = preSolution
		HideSolutionNode = FALSE
	EndGlobalSection
	GlobalSection(NestedProjects) = preSolution
		{6B0E71BB-87AA-460A-83C3-FA5CE0993394} = {A768531A-8B4F-4AB2-8E3D-70D8BC63ADFD}
	EndGlobalSection
	GlobalSection(ExtensibilityGlobals) = postSolution
		SolutionGuid = {267A0731-F784-40BC-A659-645C9ED2585E}
	EndGlobalSection
EndGlobal
